
Microsoft Visual Studio Solution File, Format Version 12.00
# Visual Studio Version 16
VisualStudioVersion = 16.0.31729.503
MinimumVisualStudioVersion = 10.0.40219.1
Project("{9A19103F-16F7-4668-BE54-9A1E7A4F7556}") = "Jror.Backend.Message.Events", "Jror.Backend.Message.Events\Jror.Backend.Message.Events.csproj", "{EC31828F-C2DD-44C4-929A-ECE7E5AB876E}"
EndProject
Project("{9A19103F-16F7-4668-BE54-9A1E7A4F7556}") = "Jror.Backend.Message.Share", "Jror.Backend.Message.Share\Jror.Backend.Message.Share.csproj", "{C2035746-2C04-40E7-9E52-0F959F1A2E91}"
EndProject
Project("{9A19103F-16F7-4668-BE54-9A1E7A4F7556}") = "Jror.Backend.Message.Command", "Jror.Backend.Message.Command\Jror.Backend.Message.Command.csproj", "{36042EA2-94A8-4B06-B80C-A7CE96859F49}"
EndProject
Global
	GlobalSection(SolutionConfigurationPlatforms) = preSolution
		Debug|Any CPU = Debug|Any CPU
		Release|Any CPU = Release|Any CPU
	EndGlobalSection
	GlobalSection(ProjectConfigurationPlatforms) = postSolution
		{EC31828F-C2DD-44C4-929A-ECE7E5AB876E}.Debug|Any CPU.ActiveCfg = Debug|Any CPU
		{EC31828F-C2DD-44C4-929A-ECE7E5AB876E}.Debug|Any CPU.Build.0 = Debug|Any CPU
		{EC31828F-C2DD-44C4-929A-ECE7E5AB876E}.Release|Any CPU.ActiveCfg = Release|Any CPU
		{EC31828F-C2DD-44C4-929A-ECE7E5AB876E}.Release|Any CPU.Build.0 = Release|Any CPU
		{C2035746-2C04-40E7-9E52-0F959F1A2E91}.Debug|Any CPU.ActiveCfg = Debug|Any CPU
		{C2035746-2C04-40E7-9E52-0F959F1A2E91}.Debug|Any CPU.Build.0 = Debug|Any CPU
		{C2035746-2C04-40E7-9E52-0F959F1A2E91}.Release|Any CPU.ActiveCfg = Release|Any CPU
		{C2035746-2C04-40E7-9E52-0F959F1A2E91}.Release|Any CPU.Build.0 = Release|Any CPU
		{36042EA2-94A8-4B06-B80C-A7CE96859F49}.Debug|Any CPU.ActiveCfg = Debug|Any CPU
		{36042EA2-94A8-4B06-B80C-A7CE96859F49}.Debug|Any CPU.Build.0 = Debug|Any CPU
		{36042EA2-94A8-4B06-B80C-A7CE96859F49}.Release|Any CPU.ActiveCfg = Release|Any CPU
		{36042EA2-94A8-4B06-B80C-A7CE96859F49}.Release|Any CPU.Build.0 = Release|Any CPU
	EndGlobalSection
	GlobalSection(SolutionProperties) = preSolution
		HideSolutionNode = FALSE
	EndGlobalSection
	GlobalSection(ExtensibilityGlobals) = postSolution
		SolutionGuid = {CEBBCC01-EED3-48DF-8677-C6BCCEE17E51}
	EndGlobalSection
EndGlobal
